// !$*UTF8*$!
{
	archiveVersion = 1;
	classes = {
	};
	objectVersion = 56;
	objects = {

/* Begin PBXBuildFile section */
		B746B9882A85ED0600B100BD /* TabBarController.swift in Sources */ = {isa = PBXBuildFile; fileRef = B746B9872A85ED0600B100BD /* TabBarController.swift */; };
		B7ACDC612A7EA180004F31CE /* AppDelegate.swift in Sources */ = {isa = PBXBuildFile; fileRef = B7ACDC602A7EA180004F31CE /* AppDelegate.swift */; };
		B7ACDC632A7EA180004F31CE /* SceneDelegate.swift in Sources */ = {isa = PBXBuildFile; fileRef = B7ACDC622A7EA180004F31CE /* SceneDelegate.swift */; };
		B7ACDC682A7EA180004F31CE /* Main.storyboard in Resources */ = {isa = PBXBuildFile; fileRef = B7ACDC662A7EA180004F31CE /* Main.storyboard */; };
		B7ACDC6A2A7EA182004F31CE /* Assets.xcassets in Resources */ = {isa = PBXBuildFile; fileRef = B7ACDC692A7EA182004F31CE /* Assets.xcassets */; };
		B7ACDC6D2A7EA182004F31CE /* LaunchScreen.storyboard in Resources */ = {isa = PBXBuildFile; fileRef = B7ACDC6B2A7EA182004F31CE /* LaunchScreen.storyboard */; };
		B7ACDC762A7EA437004F31CE /* CGF Locust Resistance.ttf in Resources */ = {isa = PBXBuildFile; fileRef = B7ACDC752A7EA437004F31CE /* CGF Locust Resistance.ttf */; };
		B7ACDC782A7EA5BE004F31CE /* HomeViewController.swift in Sources */ = {isa = PBXBuildFile; fileRef = B7ACDC772A7EA5BE004F31CE /* HomeViewController.swift */; };
		B7ACDC7D2A7EA84A004F31CE /* MenuOption.swift in Sources */ = {isa = PBXBuildFile; fileRef = B7ACDC7C2A7EA84A004F31CE /* MenuOption.swift */; };
		B7ACDC802A7EAA27004F31CE /* MenuOptionCell.swift in Sources */ = {isa = PBXBuildFile; fileRef = B7ACDC7F2A7EAA27004F31CE /* MenuOptionCell.swift */; };
		B7ACDC822A7EB10F004F31CE /* GamesController.swift in Sources */ = {isa = PBXBuildFile; fileRef = B7ACDC812A7EB10F004F31CE /* GamesController.swift */; };
		B7ACDC842A7ECA9D004F31CE /* WeaponsController.swift in Sources */ = {isa = PBXBuildFile; fileRef = B7ACDC832A7ECA9D004F31CE /* WeaponsController.swift */; };
		B7ACDC862A7ECC41004F31CE /* WeaponCell.swift in Sources */ = {isa = PBXBuildFile; fileRef = B7ACDC852A7ECC41004F31CE /* WeaponCell.swift */; };
		B7ACDC882A7ECF02004F31CE /* Weapon.swift in Sources */ = {isa = PBXBuildFile; fileRef = B7ACDC872A7ECF02004F31CE /* Weapon.swift */; };
		B7ACDC8C2A7EDE43004F31CE /* Localizable.strings in Resources */ = {isa = PBXBuildFile; fileRef = B7ACDC8A2A7EDE43004F31CE /* Localizable.strings */; };
		B7BF1D6E2A87D9E50018271C /* UILabelExtension.swift in Sources */ = {isa = PBXBuildFile; fileRef = B7BF1D6D2A87D9E50018271C /* UILabelExtension.swift */; };
		B7BF1D992A8815FB0018271C /* AppConstants.swift in Sources */ = {isa = PBXBuildFile; fileRef = B7BF1D982A8815FB0018271C /* AppConstants.swift */; };
		B7E0FBDF2A8701C10044CAB1 /* StringExtension.swift in Sources */ = {isa = PBXBuildFile; fileRef = B7E0FBDE2A8701C10044CAB1 /* StringExtension.swift */; };
/* End PBXBuildFile section */

/* Begin PBXFileReference section */
		B746B9872A85ED0600B100BD /* TabBarController.swift */ = {isa = PBXFileReference; lastKnownFileType = sourcecode.swift; path = TabBarController.swift; sourceTree = "<group>"; };
		B7ACDC5D2A7EA180004F31CE /* GOW.app */ = {isa = PBXFileReference; explicitFileType = wrapper.application; includeInIndex = 0; path = GOW.app; sourceTree = BUILT_PRODUCTS_DIR; };
		B7ACDC602A7EA180004F31CE /* AppDelegate.swift */ = {isa = PBXFileReference; lastKnownFileType = sourcecode.swift; path = AppDelegate.swift; sourceTree = "<group>"; };
		B7ACDC622A7EA180004F31CE /* SceneDelegate.swift */ = {isa = PBXFileReference; lastKnownFileType = sourcecode.swift; path = SceneDelegate.swift; sourceTree = "<group>"; };
		B7ACDC672A7EA180004F31CE /* Base */ = {isa = PBXFileReference; lastKnownFileType = file.storyboard; name = Base; path = Base.lproj/Main.storyboard; sourceTree = "<group>"; };
		B7ACDC692A7EA182004F31CE /* Assets.xcassets */ = {isa = PBXFileReference; lastKnownFileType = folder.assetcatalog; path = Assets.xcassets; sourceTree = "<group>"; };
		B7ACDC6C2A7EA182004F31CE /* Base */ = {isa = PBXFileReference; lastKnownFileType = file.storyboard; name = Base; path = Base.lproj/LaunchScreen.storyboard; sourceTree = "<group>"; };
		B7ACDC6E2A7EA182004F31CE /* Info.plist */ = {isa = PBXFileReference; lastKnownFileType = text.plist.xml; path = Info.plist; sourceTree = "<group>"; };
		B7ACDC752A7EA437004F31CE /* CGF Locust Resistance.ttf */ = {isa = PBXFileReference; lastKnownFileType = file; path = "CGF Locust Resistance.ttf"; sourceTree = "<group>"; };
		B7ACDC772A7EA5BE004F31CE /* HomeViewController.swift */ = {isa = PBXFileReference; lastKnownFileType = sourcecode.swift; path = HomeViewController.swift; sourceTree = "<group>"; };
		B7ACDC7C2A7EA84A004F31CE /* MenuOption.swift */ = {isa = PBXFileReference; lastKnownFileType = sourcecode.swift; path = MenuOption.swift; sourceTree = "<group>"; };
		B7ACDC7F2A7EAA27004F31CE /* MenuOptionCell.swift */ = {isa = PBXFileReference; lastKnownFileType = sourcecode.swift; path = MenuOptionCell.swift; sourceTree = "<group>"; };
		B7ACDC812A7EB10F004F31CE /* GamesController.swift */ = {isa = PBXFileReference; lastKnownFileType = sourcecode.swift; path = GamesController.swift; sourceTree = "<group>"; };
		B7ACDC832A7ECA9D004F31CE /* WeaponsController.swift */ = {isa = PBXFileReference; lastKnownFileType = sourcecode.swift; path = WeaponsController.swift; sourceTree = "<group>"; };
		B7ACDC852A7ECC41004F31CE /* WeaponCell.swift */ = {isa = PBXFileReference; lastKnownFileType = sourcecode.swift; path = WeaponCell.swift; sourceTree = "<group>"; };
		B7ACDC872A7ECF02004F31CE /* Weapon.swift */ = {isa = PBXFileReference; lastKnownFileType = sourcecode.swift; path = Weapon.swift; sourceTree = "<group>"; };
		B7ACDC8B2A7EDE43004F31CE /* Base */ = {isa = PBXFileReference; lastKnownFileType = text.plist.strings; name = Base; path = GOW/Base.lproj/Localizable.strings; sourceTree = SOURCE_ROOT; };
		B7ACDC8D2A7EDFC9004F31CE /* it */ = {isa = PBXFileReference; lastKnownFileType = text.plist.strings; name = it; path = it.lproj/Main.strings; sourceTree = "<group>"; };
		B7ACDC8E2A7EDFC9004F31CE /* it */ = {isa = PBXFileReference; lastKnownFileType = text.plist.strings; name = it; path = it.lproj/LaunchScreen.strings; sourceTree = "<group>"; };
		B7ACDC8F2A7EDFC9004F31CE /* it */ = {isa = PBXFileReference; lastKnownFileType = text.plist.strings; name = it; path = ../it.lproj/Localizable.strings; sourceTree = "<group>"; };
		B7ACDC902A7EE003004F31CE /* es-419 */ = {isa = PBXFileReference; lastKnownFileType = text.plist.strings; name = "es-419"; path = "es-419.lproj/Main.strings"; sourceTree = "<group>"; };
		B7ACDC912A7EE003004F31CE /* es-419 */ = {isa = PBXFileReference; lastKnownFileType = text.plist.strings; name = "es-419"; path = "es-419.lproj/LaunchScreen.strings"; sourceTree = "<group>"; };
		B7ACDC922A7EE003004F31CE /* es-419 */ = {isa = PBXFileReference; lastKnownFileType = text.plist.strings; name = "es-419"; path = "../es-419.lproj/Localizable.strings"; sourceTree = "<group>"; };
		B7BF1D6D2A87D9E50018271C /* UILabelExtension.swift */ = {isa = PBXFileReference; lastKnownFileType = sourcecode.swift; path = UILabelExtension.swift; sourceTree = "<group>"; };
		B7BF1D982A8815FB0018271C /* AppConstants.swift */ = {isa = PBXFileReference; lastKnownFileType = sourcecode.swift; path = AppConstants.swift; sourceTree = "<group>"; };
		B7E0FBDE2A8701C10044CAB1 /* StringExtension.swift */ = {isa = PBXFileReference; lastKnownFileType = sourcecode.swift; path = StringExtension.swift; sourceTree = "<group>"; };
/* End PBXFileReference section */

/* Begin PBXFrameworksBuildPhase section */
		B7ACDC5A2A7EA180004F31CE /* Frameworks */ = {
			isa = PBXFrameworksBuildPhase;
			buildActionMask = 2147483647;
			files = (
			);
			runOnlyForDeploymentPostprocessing = 0;
		};
/* End PBXFrameworksBuildPhase section */

/* Begin PBXGroup section */
		B7ACDC542A7EA180004F31CE = {
			isa = PBXGroup;
			children = (
				B7ACDC5F2A7EA180004F31CE /* GOW */,
				B7ACDC5E2A7EA180004F31CE /* Products */,
			);
			sourceTree = "<group>";
		};
		B7ACDC5E2A7EA180004F31CE /* Products */ = {
			isa = PBXGroup;
			children = (
				B7ACDC5D2A7EA180004F31CE /* GOW.app */,
			);
			name = Products;
			sourceTree = "<group>";
		};
		B7ACDC5F2A7EA180004F31CE /* GOW */ = {
			isa = PBXGroup;
			children = (
				B7BF1D972A8815EA0018271C /* Globals */,
				B7E0FBDD2A8701AF0044CAB1 /* Extensions */,
				B7ACDC892A7EDDE2004F31CE /* Localization */,
				B7ACDC7E2A7EAA07004F31CE /* Views */,
				B7ACDC7A2A7EA81E004F31CE /* Models */,
				B7ACDC792A7EA5C8004F31CE /* Controllers */,
				B7ACDC742A7EA400004F31CE /* Fonts */,
				B7ACDC602A7EA180004F31CE /* AppDelegate.swift */,
				B7ACDC622A7EA180004F31CE /* SceneDelegate.swift */,
				B7ACDC662A7EA180004F31CE /* Main.storyboard */,
				B7ACDC692A7EA182004F31CE /* Assets.xcassets */,
				B7ACDC6B2A7EA182004F31CE /* LaunchScreen.storyboard */,
				B7ACDC6E2A7EA182004F31CE /* Info.plist */,
			);
			path = GOW;
			sourceTree = "<group>";
		};
		B7ACDC742A7EA400004F31CE /* Fonts */ = {
			isa = PBXGroup;
			children = (
				B7ACDC752A7EA437004F31CE /* CGF Locust Resistance.ttf */,
			);
			path = Fonts;
			sourceTree = "<group>";
		};
		B7ACDC792A7EA5C8004F31CE /* Controllers */ = {
			isa = PBXGroup;
			children = (
				B7ACDC772A7EA5BE004F31CE /* HomeViewController.swift */,
				B7ACDC812A7EB10F004F31CE /* GamesController.swift */,
				B7ACDC832A7ECA9D004F31CE /* WeaponsController.swift */,
				B746B9872A85ED0600B100BD /* TabBarController.swift */,
			);
			path = Controllers;
			sourceTree = "<group>";
		};
		B7ACDC7A2A7EA81E004F31CE /* Models */ = {
			isa = PBXGroup;
			children = (
				B7ACDC7C2A7EA84A004F31CE /* MenuOption.swift */,
				B7ACDC872A7ECF02004F31CE /* Weapon.swift */,
			);
			path = Models;
			sourceTree = "<group>";
		};
		B7ACDC7E2A7EAA07004F31CE /* Views */ = {
			isa = PBXGroup;
			children = (
				B7ACDC7F2A7EAA27004F31CE /* MenuOptionCell.swift */,
				B7ACDC852A7ECC41004F31CE /* WeaponCell.swift */,
			);
			path = Views;
			sourceTree = "<group>";
		};
		B7ACDC892A7EDDE2004F31CE /* Localization */ = {
			isa = PBXGroup;
			children = (
				B7ACDC8A2A7EDE43004F31CE /* Localizable.strings */,
			);
			path = Localization;
			sourceTree = "<group>";
		};
		B7BF1D972A8815EA0018271C /* Globals */ = {
			isa = PBXGroup;
			children = (
				B7BF1D982A8815FB0018271C /* AppConstants.swift */,
			);
			path = Globals;
			sourceTree = "<group>";
		};
		B7E0FBDD2A8701AF0044CAB1 /* Extensions */ = {
			isa = PBXGroup;
			children = (
				B7E0FBDE2A8701C10044CAB1 /* StringExtension.swift */,
				B7BF1D6D2A87D9E50018271C /* UILabelExtension.swift */,
			);
			path = Extensions;
			sourceTree = "<group>";
		};
/* End PBXGroup section */

/* Begin PBXNativeTarget section */
		B7ACDC5C2A7EA180004F31CE /* GOW */ = {
			isa = PBXNativeTarget;
			buildConfigurationList = B7ACDC712A7EA182004F31CE /* Build configuration list for PBXNativeTarget "GOW" */;
			buildPhases = (
				B7ACDC592A7EA180004F31CE /* Sources */,
				B7ACDC5A2A7EA180004F31CE /* Frameworks */,
				B7ACDC5B2A7EA180004F31CE /* Resources */,
			);
			buildRules = (
			);
			dependencies = (
			);
			name = GOW;
			productName = GOW;
			productReference = B7ACDC5D2A7EA180004F31CE /* GOW.app */;
			productType = "com.apple.product-type.application";
		};
/* End PBXNativeTarget section */

/* Begin PBXProject section */
		B7ACDC552A7EA180004F31CE /* Project object */ = {
			isa = PBXProject;
			attributes = {
				BuildIndependentTargetsInParallel = 1;
				LastSwiftUpdateCheck = 1430;
				LastUpgradeCheck = 1430;
				TargetAttributes = {
					B7ACDC5C2A7EA180004F31CE = {
						CreatedOnToolsVersion = 14.3.1;
					};
				};
			};
			buildConfigurationList = B7ACDC582A7EA180004F31CE /* Build configuration list for PBXProject "GOW" */;
			compatibilityVersion = "Xcode 14.0";
			developmentRegion = en;
			hasScannedForEncodings = 0;
			knownRegions = (
				en,
				Base,
				it,
				"es-419",
			);
			mainGroup = B7ACDC542A7EA180004F31CE;
			productRefGroup = B7ACDC5E2A7EA180004F31CE /* Products */;
			projectDirPath = "";
			projectRoot = "";
			targets = (
				B7ACDC5C2A7EA180004F31CE /* GOW */,
			);
		};
/* End PBXProject section */

/* Begin PBXResourcesBuildPhase section */
		B7ACDC5B2A7EA180004F31CE /* Resources */ = {
			isa = PBXResourcesBuildPhase;
			buildActionMask = 2147483647;
			files = (
				B7ACDC8C2A7EDE43004F31CE /* Localizable.strings in Resources */,
				B7ACDC762A7EA437004F31CE /* CGF Locust Resistance.ttf in Resources */,
				B7ACDC6D2A7EA182004F31CE /* LaunchScreen.storyboard in Resources */,
				B7ACDC6A2A7EA182004F31CE /* Assets.xcassets in Resources */,
				B7ACDC682A7EA180004F31CE /* Main.storyboard in Resources */,
			);
			runOnlyForDeploymentPostprocessing = 0;
		};
/* End PBXResourcesBuildPhase section */

/* Begin PBXSourcesBuildPhase section */
		B7ACDC592A7EA180004F31CE /* Sources */ = {
			isa = PBXSourcesBuildPhase;
			buildActionMask = 2147483647;
			files = (
				B7ACDC612A7EA180004F31CE /* AppDelegate.swift in Sources */,
				B7ACDC802A7EAA27004F31CE /* MenuOptionCell.swift in Sources */,
				B7ACDC7D2A7EA84A004F31CE /* MenuOption.swift in Sources */,
				B746B9882A85ED0600B100BD /* TabBarController.swift in Sources */,
				B7BF1D6E2A87D9E50018271C /* UILabelExtension.swift in Sources */,
				B7ACDC842A7ECA9D004F31CE /* WeaponsController.swift in Sources */,
				B7ACDC822A7EB10F004F31CE /* GamesController.swift in Sources */,
				B7ACDC862A7ECC41004F31CE /* WeaponCell.swift in Sources */,
				B7ACDC632A7EA180004F31CE /* SceneDelegate.swift in Sources */,
				B7ACDC782A7EA5BE004F31CE /* HomeViewController.swift in Sources */,
				B7BF1D992A8815FB0018271C /* AppConstants.swift in Sources */,
				B7E0FBDF2A8701C10044CAB1 /* StringExtension.swift in Sources */,
				B7ACDC882A7ECF02004F31CE /* Weapon.swift in Sources */,
			);
			runOnlyForDeploymentPostprocessing = 0;
		};
/* End PBXSourcesBuildPhase section */

/* Begin PBXVariantGroup section */
		B7ACDC662A7EA180004F31CE /* Main.storyboard */ = {
			isa = PBXVariantGroup;
			children = (
				B7ACDC672A7EA180004F31CE /* Base */,
				B7ACDC8D2A7EDFC9004F31CE /* it */,
				B7ACDC902A7EE003004F31CE /* es-419 */,
			);
			name = Main.storyboard;
			sourceTree = "<group>";
		};
		B7ACDC6B2A7EA182004F31CE /* LaunchScreen.storyboard */ = {
			isa = PBXVariantGroup;
			children = (
				B7ACDC6C2A7EA182004F31CE /* Base */,
				B7ACDC8E2A7EDFC9004F31CE /* it */,
				B7ACDC912A7EE003004F31CE /* es-419 */,
			);
			name = LaunchScreen.storyboard;
			sourceTree = "<group>";
		};
		B7ACDC8A2A7EDE43004F31CE /* Localizable.strings */ = {
			isa = PBXVariantGroup;
			children = (
				B7ACDC8B2A7EDE43004F31CE /* Base */,
				B7ACDC8F2A7EDFC9004F31CE /* it */,
				B7ACDC922A7EE003004F31CE /* es-419 */,
			);
			name = Localizable.strings;
			sourceTree = "<group>";
		};
/* End PBXVariantGroup section */

/* Begin XCBuildConfiguration section */
		B7ACDC6F2A7EA182004F31CE /* Debug */ = {
			isa = XCBuildConfiguration;
			buildSettings = {
				ALWAYS_SEARCH_USER_PATHS = NO;
				CLANG_ANALYZER_LOCALIZABILITY_NONLOCALIZED = YES;
				CLANG_ANALYZER_NONNULL = YES;
				CLANG_ANALYZER_NUMBER_OBJECT_CONVERSION = YES_AGGRESSIVE;
				CLANG_CXX_LANGUAGE_STANDARD = "gnu++20";
				CLANG_ENABLE_MODULES = YES;
				CLANG_ENABLE_OBJC_ARC = YES;
				CLANG_ENABLE_OBJC_WEAK = YES;
				CLANG_WARN_BLOCK_CAPTURE_AUTORELEASING = YES;
				CLANG_WARN_BOOL_CONVERSION = YES;
				CLANG_WARN_COMMA = YES;
				CLANG_WARN_CONSTANT_CONVERSION = YES;
				CLANG_WARN_DEPRECATED_OBJC_IMPLEMENTATIONS = YES;
				CLANG_WARN_DIRECT_OBJC_ISA_USAGE = YES_ERROR;
				CLANG_WARN_DOCUMENTATION_COMMENTS = YES;
				CLANG_WARN_EMPTY_BODY = YES;
				CLANG_WARN_ENUM_CONVERSION = YES;
				CLANG_WARN_INFINITE_RECURSION = YES;
				CLANG_WARN_INT_CONVERSION = YES;
				CLANG_WARN_NON_LITERAL_NULL_CONVERSION = YES;
				CLANG_WARN_OBJC_IMPLICIT_RETAIN_SELF = YES;
				CLANG_WARN_OBJC_LITERAL_CONVERSION = YES;
				CLANG_WARN_OBJC_ROOT_CLASS = YES_ERROR;
				CLANG_WARN_QUOTED_INCLUDE_IN_FRAMEWORK_HEADER = YES;
				CLANG_WARN_RANGE_LOOP_ANALYSIS = YES;
				CLANG_WARN_STRICT_PROTOTYPES = YES;
				CLANG_WARN_SUSPICIOUS_MOVE = YES;
				CLANG_WARN_UNGUARDED_AVAILABILITY = YES_AGGRESSIVE;
				CLANG_WARN_UNREACHABLE_CODE = YES;
				CLANG_WARN__DUPLICATE_METHOD_MATCH = YES;
				COPY_PHASE_STRIP = NO;
				DEBUG_INFORMATION_FORMAT = dwarf;
				ENABLE_STRICT_OBJC_MSGSEND = YES;
				ENABLE_TESTABILITY = YES;
				GCC_C_LANGUAGE_STANDARD = gnu11;
				GCC_DYNAMIC_NO_PIC = NO;
				GCC_NO_COMMON_BLOCKS = YES;
				GCC_OPTIMIZATION_LEVEL = 0;
				GCC_PREPROCESSOR_DEFINITIONS = (
					"DEBUG=1",
					"$(inherited)",
				);
				GCC_WARN_64_TO_32_BIT_CONVERSION = YES;
				GCC_WARN_ABOUT_RETURN_TYPE = YES_ERROR;
				GCC_WARN_UNDECLARED_SELECTOR = YES;
				GCC_WARN_UNINITIALIZED_AUTOS = YES_AGGRESSIVE;
				GCC_WARN_UNUSED_FUNCTION = YES;
				GCC_WARN_UNUSED_VARIABLE = YES;
				IPHONEOS_DEPLOYMENT_TARGET = 16.4;
				MTL_ENABLE_DEBUG_INFO = INCLUDE_SOURCE;
				MTL_FAST_MATH = YES;
				ONLY_ACTIVE_ARCH = YES;
				SDKROOT = iphoneos;
				SWIFT_ACTIVE_COMPILATION_CONDITIONS = DEBUG;
				SWIFT_OPTIMIZATION_LEVEL = "-Onone";
			};
			name = Debug;
		};
		B7ACDC702A7EA182004F31CE /* Release */ = {
			isa = XCBuildConfiguration;
			buildSettings = {
				ALWAYS_SEARCH_USER_PATHS = NO;
				CLANG_ANALYZER_LOCALIZABILITY_NONLOCALIZED = YES;
				CLANG_ANALYZER_NONNULL = YES;
				CLANG_ANALYZER_NUMBER_OBJECT_CONVERSION = YES_AGGRESSIVE;
				CLANG_CXX_LANGUAGE_STANDARD = "gnu++20";
				CLANG_ENABLE_MODULES = YES;
				CLANG_ENABLE_OBJC_ARC = YES;
				CLANG_ENABLE_OBJC_WEAK = YES;
				CLANG_WARN_BLOCK_CAPTURE_AUTORELEASING = YES;
				CLANG_WARN_BOOL_CONVERSION = YES;
				CLANG_WARN_COMMA = YES;
				CLANG_WARN_CONSTANT_CONVERSION = YES;
				CLANG_WARN_DEPRECATED_OBJC_IMPLEMENTATIONS = YES;
				CLANG_WARN_DIRECT_OBJC_ISA_USAGE = YES_ERROR;
				CLANG_WARN_DOCUMENTATION_COMMENTS = YES;
				CLANG_WARN_EMPTY_BODY = YES;
				CLANG_WARN_ENUM_CONVERSION = YES;
				CLANG_WARN_INFINITE_RECURSION = YES;
				CLANG_WARN_INT_CONVERSION = YES;
				CLANG_WARN_NON_LITERAL_NULL_CONVERSION = YES;
				CLANG_WARN_OBJC_IMPLICIT_RETAIN_SELF = YES;
				CLANG_WARN_OBJC_LITERAL_CONVERSION = YES;
				CLANG_WARN_OBJC_ROOT_CLASS = YES_ERROR;
				CLANG_WARN_QUOTED_INCLUDE_IN_FRAMEWORK_HEADER = YES;
				CLANG_WARN_RANGE_LOOP_ANALYSIS = YES;
				CLANG_WARN_STRICT_PROTOTYPES = YES;
				CLANG_WARN_SUSPICIOUS_MOVE = YES;
				CLANG_WARN_UNGUARDED_AVAILABILITY = YES_AGGRESSIVE;
				CLANG_WARN_UNREACHABLE_CODE = YES;
				CLANG_WARN__DUPLICATE_METHOD_MATCH = YES;
				COPY_PHASE_STRIP = NO;
				DEBUG_INFORMATION_FORMAT = "dwarf-with-dsym";
				ENABLE_NS_ASSERTIONS = NO;
				ENABLE_STRICT_OBJC_MSGSEND = YES;
				GCC_C_LANGUAGE_STANDARD = gnu11;
				GCC_NO_COMMON_BLOCKS = YES;
				GCC_WARN_64_TO_32_BIT_CONVERSION = YES;
				GCC_WARN_ABOUT_RETURN_TYPE = YES_ERROR;
				GCC_WARN_UNDECLARED_SELECTOR = YES;
				GCC_WARN_UNINITIALIZED_AUTOS = YES_AGGRESSIVE;
				GCC_WARN_UNUSED_FUNCTION = YES;
				GCC_WARN_UNUSED_VARIABLE = YES;
				IPHONEOS_DEPLOYMENT_TARGET = 16.4;
				MTL_ENABLE_DEBUG_INFO = NO;
				MTL_FAST_MATH = YES;
				SDKROOT = iphoneos;
				SWIFT_COMPILATION_MODE = wholemodule;
				SWIFT_OPTIMIZATION_LEVEL = "-O";
				VALIDATE_PRODUCT = YES;
			};
			name = Release;
		};
		B7ACDC722A7EA182004F31CE /* Debug */ = {
			isa = XCBuildConfiguration;
			buildSettings = {
				ASSETCATALOG_COMPILER_APPICON_NAME = AppIcon;
				ASSETCATALOG_COMPILER_GLOBAL_ACCENT_COLOR_NAME = AccentColor;
				CODE_SIGN_STYLE = Automatic;
				CURRENT_PROJECT_VERSION = 1;
				DEVELOPMENT_TEAM = S396X25U6X;
				GENERATE_INFOPLIST_FILE = YES;
				INFOPLIST_FILE = GOW/Info.plist;
				INFOPLIST_KEY_UIApplicationSupportsIndirectInputEvents = YES;
				INFOPLIST_KEY_UILaunchStoryboardName = LaunchScreen;
				INFOPLIST_KEY_UIMainStoryboardFile = Main;
				INFOPLIST_KEY_UISupportedInterfaceOrientations_iPad = "UIInterfaceOrientationPortrait UIInterfaceOrientationPortraitUpsideDown UIInterfaceOrientationLandscapeLeft UIInterfaceOrientationLandscapeRight";
				INFOPLIST_KEY_UISupportedInterfaceOrientations_iPhone = "UIInterfaceOrientationPortrait UIInterfaceOrientationLandscapeLeft UIInterfaceOrientationLandscapeRight";
				LD_RUNPATH_SEARCH_PATHS = (
					"$(inherited)",
					"@executable_path/Frameworks",
				);
				MARKETING_VERSION = 1.0;
				PRODUCT_BUNDLE_IDENTIFIER = mx.lsdual.GOW;
				PRODUCT_NAME = "$(TARGET_NAME)";
				SWIFT_EMIT_LOC_STRINGS = YES;
				SWIFT_VERSION = 5.0;
				TARGETED_DEVICE_FAMILY = "1,2";
			};
			name = Debug;
		};
		B7ACDC732A7EA182004F31CE /* Release */ = {
			isa = XCBuildConfiguration;
			buildSettings = {
				ASSETCATALOG_COMPILER_APPICON_NAME = AppIcon;
				ASSETCATALOG_COMPILER_GLOBAL_ACCENT_COLOR_NAME = AccentColor;
				CODE_SIGN_STYLE = Automatic;
				CURRENT_PROJECT_VERSION = 1;
				DEVELOPMENT_TEAM = S396X25U6X;
				GENERATE_INFOPLIST_FILE = YES;
				INFOPLIST_FILE = GOW/Info.plist;
				INFOPLIST_KEY_UIApplicationSupportsIndirectInputEvents = YES;
				INFOPLIST_KEY_UILaunchStoryboardName = LaunchScreen;
				INFOPLIST_KEY_UIMainStoryboardFile = Main;
				INFOPLIST_KEY_UISupportedInterfaceOrientations_iPad = "UIInterfaceOrientationPortrait UIInterfaceOrientationPortraitUpsideDown UIInterfaceOrientationLandscapeLeft UIInterfaceOrientationLandscapeRight";
				INFOPLIST_KEY_UISupportedInterfaceOrientations_iPhone = "UIInterfaceOrientationPortrait UIInterfaceOrientationLandscapeLeft UIInterfaceOrientationLandscapeRight";
				LD_RUNPATH_SEARCH_PATHS = (
					"$(inherited)",
					"@executable_path/Frameworks",
				);
				MARKETING_VERSION = 1.0;
				PRODUCT_BUNDLE_IDENTIFIER = mx.lsdual.GOW;
				PRODUCT_NAME = "$(TARGET_NAME)";
				SWIFT_EMIT_LOC_STRINGS = YES;
				SWIFT_VERSION = 5.0;
				TARGETED_DEVICE_FAMILY = "1,2";
			};
			name = Release;
		};
/* End XCBuildConfiguration section */

/* Begin XCConfigurationList section */
		B7ACDC582A7EA180004F31CE /* Build configuration list for PBXProject "GOW" */ = {
			isa = XCConfigurationList;
			buildConfigurations = (
				B7ACDC6F2A7EA182004F31CE /* Debug */,
				B7ACDC702A7EA182004F31CE /* Release */,
			);
			defaultConfigurationIsVisible = 0;
			defaultConfigurationName = Release;
		};
		B7ACDC712A7EA182004F31CE /* Build configuration list for PBXNativeTarget "GOW" */ = {
			isa = XCConfigurationList;
			buildConfigurations = (
				B7ACDC722A7EA182004F31CE /* Debug */,
				B7ACDC732A7EA182004F31CE /* Release */,
			);
			defaultConfigurationIsVisible = 0;
			defaultConfigurationName = Release;
		};
/* End XCConfigurationList section */
	};
	rootObject = B7ACDC552A7EA180004F31CE /* Project object */;
}
